[root]
name = "rav1e"
version = "0.1.0"
dependencies = [
 "bitstream-io 0.6.1 (registry+https://github.com/rust-lang/crates.io-index)",
 "byteorder 1.0.0 (registry+https://github.com/rust-lang/crates.io-index)",
 "cc 1.0.0 (registry+https://github.com/rust-lang/crates.io-index)",
 "clap 2.26.2 (registry+https://github.com/rust-lang/crates.io-index)",
 "libc 0.2.24 (registry+https://github.com/rust-lang/crates.io-index)",
 "rand 0.3.15 (registry+https://github.com/rust-lang/crates.io-index)",
 "y4m 0.1.1 (registry+https://github.com/rust-lang/crates.io-index)",
]

[[package]]
name = "ansi_term"
version = "0.9.0"
source = "registry+https://github.com/rust-lang/crates.io-index"

[[package]]
name = "atty"
version = "0.2.2"
source = "registry+https://github.com/rust-lang/crates.io-index"
dependencies = [
 "kernel32-sys 0.2.2 (registry+https://github.com/rust-lang/crates.io-index)",
 "libc 0.2.24 (registry+https://github.com/rust-lang/crates.io-index)",
 "winapi 0.2.8 (registry+https://github.com/rust-lang/crates.io-index)",
]

[[package]]
name = "bitflags"
version = "0.9.1"
source = "registry+https://github.com/rust-lang/crates.io-index"

[[package]]
name = "bitstream-io"
version = "0.6.1"
source = "registry+https://github.com/rust-lang/crates.io-index"

[[package]]
name = "byteorder"
version = "1.0.0"
source = "registry+https://github.com/rust-lang/crates.io-index"

[[package]]
name = "cc"
version = "1.0.0"
source = "registry+https://github.com/rust-lang/crates.io-index"

[[package]]
name = "clap"
version = "2.26.2"
source = "registry+https://github.com/rust-lang/crates.io-index"
dependencies = [
 "ansi_term 0.9.0 (registry+https://github.com/rust-lang/crates.io-index)",
 "atty 0.2.2 (registry+https://github.com/rust-lang/crates.io-index)",
 "bitflags 0.9.1 (registry+https://github.com/rust-lang/crates.io-index)",
 "strsim 0.6.0 (registry+https://github.com/rust-lang/crates.io-index)",
 "term_size 0.3.0 (registry+https://github.com/rust-lang/crates.io-index)",
 "textwrap 0.8.0 (registry+https://github.com/rust-lang/crates.io-index)",
 "unicode-width 0.1.4 (registry+https://github.com/rust-lang/crates.io-index)",
 "vec_map 0.8.0 (registry+https://github.com/rust-lang/crates.io-index)",
]

[[package]]
name = "kernel32-sys"
version = "0.2.2"
source = "registry+https://github.com/rust-lang/crates.io-index"
dependencies = [
 "winapi 0.2.8 (registry+https://github.com/rust-lang/crates.io-index)",
 "winapi-build 0.1.1 (registry+https://github.com/rust-lang/crates.io-index)",
]

[[package]]
name = "libc"
version = "0.2.24"
source = "registry+https://github.com/rust-lang/crates.io-index"

[[package]]
name = "rand"
version = "0.3.15"
source = "registry+https://github.com/rust-lang/crates.io-index"
dependencies = [
 "libc 0.2.24 (registry+https://github.com/rust-lang/crates.io-index)",
]

[[package]]
name = "strsim"
version = "0.6.0"
source = "registry+https://github.com/rust-lang/crates.io-index"

[[package]]
name = "term_size"
version = "0.3.0"
source = "registry+https://github.com/rust-lang/crates.io-index"
dependencies = [
 "kernel32-sys 0.2.2 (registry+https://github.com/rust-lang/crates.io-index)",
 "libc 0.2.24 (registry+https://github.com/rust-lang/crates.io-index)",
 "winapi 0.2.8 (registry+https://github.com/rust-lang/crates.io-index)",
]

[[package]]
name = "textwrap"
version = "0.8.0"
source = "registry+https://github.com/rust-lang/crates.io-index"
dependencies = [
 "term_size 0.3.0 (registry+https://github.com/rust-lang/crates.io-index)",
 "unicode-width 0.1.4 (registry+https://github.com/rust-lang/crates.io-index)",
]

[[package]]
name = "unicode-width"
version = "0.1.4"
source = "registry+https://github.com/rust-lang/crates.io-index"

[[package]]
name = "vec_map"
version = "0.8.0"
source = "registry+https://github.com/rust-lang/crates.io-index"

[[package]]
name = "winapi"
version = "0.2.8"
source = "registry+https://github.com/rust-lang/crates.io-index"

[[package]]
name = "winapi-build"
version = "0.1.1"
source = "registry+https://github.com/rust-lang/crates.io-index"

[[package]]
name = "y4m"
version = "0.1.1"
source = "registry+https://github.com/rust-lang/crates.io-index"

[metadata]
"checksum ansi_term 0.9.0 (registry+https://github.com/rust-lang/crates.io-index)" = "23ac7c30002a5accbf7e8987d0632fa6de155b7c3d39d0067317a391e00a2ef6"
"checksum atty 0.2.2 (registry+https://github.com/rust-lang/crates.io-index)" = "d912da0db7fa85514874458ca3651fe2cddace8d0b0505571dbdcd41ab490159"
"checksum bitflags 0.9.1 (registry+https://github.com/rust-lang/crates.io-index)" = "4efd02e230a02e18f92fc2735f44597385ed02ad8f831e7c1c1156ee5e1ab3a5"
"checksum bitstream-io 0.6.1 (registry+https://github.com/rust-lang/crates.io-index)" = "f772fe14aa1856dd6ae15af96de288ac0976f657e6267beed1757dde3417dcd3"
"checksum byteorder 1.0.0 (registry+https://github.com/rust-lang/crates.io-index)" = "c40977b0ee6b9885c9013cd41d9feffdd22deb3bb4dc3a71d901cc7a77de18c8"
"checksum cc 1.0.0 (registry+https://github.com/rust-lang/crates.io-index)" = "7db2f146208d7e0fbee761b09cd65a7f51ccc38705d4e7262dad4d73b12a76b1"
"checksum clap 2.26.2 (registry+https://github.com/rust-lang/crates.io-index)" = "3451e409013178663435d6f15fdb212f14ee4424a3d74f979d081d0a66b6f1f2"
"checksum kernel32-sys 0.2.2 (registry+https://github.com/rust-lang/crates.io-index)" = "7507624b29483431c0ba2d82aece8ca6cdba9382bff4ddd0f7490560c056098d"
"checksum libc 0.2.24 (registry+https://github.com/rust-lang/crates.io-index)" = "38f5c2b18a287cf78b4097db62e20f43cace381dc76ae5c0a3073067f78b7ddc"
"checksum rand 0.3.15 (registry+https://github.com/rust-lang/crates.io-index)" = "022e0636ec2519ddae48154b028864bdce4eaf7d35226ab8e65c611be97b189d"
"checksum strsim 0.6.0 (registry+https://github.com/rust-lang/crates.io-index)" = "b4d15c810519a91cf877e7e36e63fe068815c678181439f2f29e2562147c3694"
"checksum term_size 0.3.0 (registry+https://github.com/rust-lang/crates.io-index)" = "e2b6b55df3198cc93372e85dd2ed817f0e38ce8cc0f22eb32391bfad9c4bf209"
"checksum textwrap 0.8.0 (registry+https://github.com/rust-lang/crates.io-index)" = "df8e08afc40ae3459e4838f303e465aa50d823df8d7f83ca88108f6d3afe7edd"
"checksum unicode-width 0.1.4 (registry+https://github.com/rust-lang/crates.io-index)" = "bf3a113775714a22dcb774d8ea3655c53a32debae63a063acc00a91cc586245f"
"checksum vec_map 0.8.0 (registry+https://github.com/rust-lang/crates.io-index)" = "887b5b631c2ad01628bbbaa7dd4c869f80d3186688f8d0b6f58774fbe324988c"
"checksum winapi 0.2.8 (registry+https://github.com/rust-lang/crates.io-index)" = "167dc9d6949a9b857f3451275e911c3f44255842c1f7a76f33c55103a909087a"
"checksum winapi-build 0.1.1 (registry+https://github.com/rust-lang/crates.io-index)" = "2d315eee3b34aca4797b2da6b13ed88266e6d612562a0c46390af8299fc699bc"
"checksum y4m 0.1.1 (registry+https://github.com/rust-lang/crates.io-index)" = "417d311a28a08228284f5e5a19c34f495fbcaf57194a04df881b7cafa59f7449"
