# This file is automatically @generated by Cargo.
# It is not intended for manual editing.
version = 3

[[package]]
name = "aho-corasick"
version = "0.7.15"
source = "registry+https://github.com/rust-lang/crates.io-index"
checksum = "7404febffaa47dac81aa44dba71523c9d069b1bdc50a77db41195149e17f68e5"
dependencies = [
 "memchr",
]

[[package]]
name = "anyhow"
version = "1.0.66"
source = "registry+https://github.com/rust-lang/crates.io-index"
checksum = "216261ddc8289130e551ddcd5ce8a064710c0d064a4d2895c67151c92b5443f6"

[[package]]
name = "arbitrary"
version = "1.2.3"
source = "registry+https://github.com/rust-lang/crates.io-index"
checksum = "3e90af4de65aa7b293ef2d09daff88501eb254f58edde2e1ac02c82d873eadad"

[[package]]
name = "arg_enum_proc_macro"
version = "0.3.0"
source = "registry+https://github.com/rust-lang/crates.io-index"
checksum = "9bc19845baa31d32d189d8020bc8d76bf735e4587c9eba9cf561003ba4c93908"
dependencies = [
 "proc-macro2",
 "quote",
 "syn",
]

[[package]]
name = "arrayvec"
version = "0.5.2"
source = "registry+https://github.com/rust-lang/crates.io-index"
checksum = "23b62fc65de8e4e7f52534fb52b0f3ed04746ae267519eef2a83941e8085068b"

[[package]]
name = "arrayvec"
version = "0.7.2"
source = "registry+https://github.com/rust-lang/crates.io-index"
checksum = "8da52d66c7071e2e3fa2a1e5c6d088fec47b593032b254f5e980de8ea54454d6"
dependencies = [
 "serde",
]

[[package]]
name = "atty"
version = "0.2.14"
source = "registry+https://github.com/rust-lang/crates.io-index"
checksum = "d9b39be18770d11421cdb1b9947a45dd3f37e93092cbf377614828a319d5fee8"
dependencies = [
 "hermit-abi",
 "libc",
 "winapi",
]

[[package]]
name = "autocfg"
version = "1.0.1"
source = "registry+https://github.com/rust-lang/crates.io-index"
checksum = "cdb031dd78e28731d87d56cc8ffef4a8f36ca26c38fe2de700543e627f8a464a"

[[package]]
name = "av-metrics"
version = "0.9.0"
source = "registry+https://github.com/rust-lang/crates.io-index"
checksum = "13638b394190295622c0d2493d0c8c39210b92c2110895bfb14c58db213c2b39"
dependencies = [
 "crossbeam",
 "itertools",
 "lab",
 "num-traits",
 "rayon",
 "thiserror",
 "v_frame",
]

[[package]]
name = "av1-grain"
version = "0.2.2"
source = "registry+https://github.com/rust-lang/crates.io-index"
checksum = "6f6ca6f0c18c02c2fbfc119df551b8aeb8a385f6d5980f1475ba0255f1e97f1e"
dependencies = [
 "anyhow",
 "arrayvec 0.7.2",
 "itertools",
 "log",
 "nom",
 "num-rational",
 "serde",
 "v_frame",
]

[[package]]
name = "bitflags"
version = "1.2.1"
source = "registry+https://github.com/rust-lang/crates.io-index"
checksum = "cf1de2fe8c75bc145a2f577add951f8134889b4795d47466a54a5c846d691693"

[[package]]
name = "bitstream-io"
version = "1.0.0"
source = "registry+https://github.com/rust-lang/crates.io-index"
checksum = "03539c739e37dab2c322ce07b1990089ca1fc7ad14b813e1538bf11bef98fe06"

[[package]]
name = "built"
version = "0.5.2"
source = "registry+https://github.com/rust-lang/crates.io-index"
checksum = "5b9c056b9ed43aee5e064b683aa1ec783e19c6acec7559e3ae931b7490472fbe"
dependencies = [
 "cargo-lock",
 "git2",
]

[[package]]
name = "cargo-lock"
version = "8.0.3"
source = "registry+https://github.com/rust-lang/crates.io-index"
checksum = "031718ddb8f78aa5def78a09e90defe30151d1f6c672f937af4dd916429ed996"
dependencies = [
 "semver",
 "serde",
 "toml",
 "url",
]

[[package]]
name = "cc"
version = "1.0.66"
source = "registry+https://github.com/rust-lang/crates.io-index"
checksum = "4c0496836a84f8d0495758516b8621a622beb77c0fed418570e50764093ced48"
dependencies = [
 "jobserver",
]

[[package]]
name = "cfg-expr"
version = "0.11.0"
source = "registry+https://github.com/rust-lang/crates.io-index"
checksum = "b0357a6402b295ca3a86bc148e84df46c02e41f41fef186bda662557ef6328aa"
dependencies = [
 "smallvec",
]

[[package]]
name = "cfg-if"
version = "0.1.10"
source = "registry+https://github.com/rust-lang/crates.io-index"
checksum = "4785bdd1c96b2a846b2bd7cc02e86b6b3dbf14e7e53446c4f54c92a361040822"

[[package]]
name = "cfg-if"
version = "1.0.0"
source = "registry+https://github.com/rust-lang/crates.io-index"
checksum = "baf1de4339761588bc0619e3cbc0120ee582ebb74b53b4efbf79117bd2da40fd"

[[package]]
name = "chrono"
version = "0.4.19"
source = "registry+https://github.com/rust-lang/crates.io-index"
checksum = "670ad68c9088c2a963aaa298cb369688cf3f9465ce5e2d4ca10e6e0098a1ce73"
dependencies = [
 "libc",
 "num-integer",
 "num-traits",
 "time",
 "winapi",
]

[[package]]
name = "clap"
version = "4.0.26"
source = "registry+https://github.com/rust-lang/crates.io-index"
checksum = "2148adefda54e14492fb9bddcc600b4344c5d1a3123bd666dcb939c6f0e0e57e"
dependencies = [
 "atty",
 "bitflags",
 "clap_derive",
 "clap_lex",
 "once_cell",
 "termcolor",
 "terminal_size 0.2.2",
]

[[package]]
name = "clap_complete"
version = "4.0.5"
source = "registry+https://github.com/rust-lang/crates.io-index"
checksum = "96b0fba905b035a30d25c1b585bf1171690712fbb0ad3ac47214963aa4acc36c"
dependencies = [
 "clap",
]

[[package]]
name = "clap_derive"
version = "4.0.21"
source = "registry+https://github.com/rust-lang/crates.io-index"
checksum = "0177313f9f02afc995627906bbd8967e2be069f5261954222dac78290c2b9014"
dependencies = [
 "heck",
 "proc-macro-error",
 "proc-macro2",
 "quote",
 "syn",
]

[[package]]
name = "clap_lex"
version = "0.3.0"
source = "registry+https://github.com/rust-lang/crates.io-index"
checksum = "0d4198f73e42b4936b35b5bb248d81d2b595ecb170da0bac7655c54eedfa8da8"
dependencies = [
 "os_str_bytes",
]

[[package]]
name = "console"
version = "0.15.2"
source = "registry+https://github.com/rust-lang/crates.io-index"
checksum = "c050367d967ced717c04b65d8c619d863ef9292ce0c5760028655a2fb298718c"
dependencies = [
 "encode_unicode",
 "lazy_static",
 "libc",
 "terminal_size 0.1.15",
 "unicode-width",
 "winapi",
]

[[package]]
name = "const_fn"
version = "0.4.4"
source = "registry+https://github.com/rust-lang/crates.io-index"
checksum = "cd51eab21ab4fd6a3bf889e2d0958c0a6e3a61ad04260325e919e652a2a62826"

[[package]]
name = "const_fn_assert"
version = "0.1.2"
source = "registry+https://github.com/rust-lang/crates.io-index"
checksum = "27d614f23f34f7b5165a77dc1591f497e2518f9cec4b4f4b92bfc4dc6cf7a190"

[[package]]
name = "crossbeam"
version = "0.8.0"
source = "registry+https://github.com/rust-lang/crates.io-index"
checksum = "fd01a6eb3daaafa260f6fc94c3a6c36390abc2080e38e3e34ced87393fb77d80"
dependencies = [
 "cfg-if 1.0.0",
 "crossbeam-channel",
 "crossbeam-deque",
 "crossbeam-epoch",
 "crossbeam-queue",
 "crossbeam-utils",
]

[[package]]
name = "crossbeam-channel"
version = "0.5.0"
source = "registry+https://github.com/rust-lang/crates.io-index"
checksum = "dca26ee1f8d361640700bde38b2c37d8c22b3ce2d360e1fc1c74ea4b0aa7d775"
dependencies = [
 "cfg-if 1.0.0",
 "crossbeam-utils",
]

[[package]]
name = "crossbeam-deque"
version = "0.8.0"
source = "registry+https://github.com/rust-lang/crates.io-index"
checksum = "94af6efb46fef72616855b036a624cf27ba656ffc9be1b9a3c931cfc7749a9a9"
dependencies = [
 "cfg-if 1.0.0",
 "crossbeam-epoch",
 "crossbeam-utils",
]

[[package]]
name = "crossbeam-epoch"
version = "0.9.1"
source = "registry+https://github.com/rust-lang/crates.io-index"
checksum = "a1aaa739f95311c2c7887a76863f500026092fb1dce0161dab577e559ef3569d"
dependencies = [
 "cfg-if 1.0.0",
 "const_fn",
 "crossbeam-utils",
 "lazy_static",
 "memoffset",
 "scopeguard",
]

[[package]]
name = "crossbeam-queue"
version = "0.3.1"
source = "registry+https://github.com/rust-lang/crates.io-index"
checksum = "0f6cb3c7f5b8e51bc3ebb73a2327ad4abdbd119dc13223f14f961d2f38486756"
dependencies = [
 "cfg-if 1.0.0",
 "crossbeam-utils",
]

[[package]]
name = "crossbeam-utils"
version = "0.8.1"
source = "registry+https://github.com/rust-lang/crates.io-index"
checksum = "02d96d1e189ef58269ebe5b97953da3274d83a93af647c2ddd6f9dab28cedb8d"
dependencies = [
 "autocfg",
 "cfg-if 1.0.0",
 "lazy_static",
]

[[package]]
name = "dav1d-sys"
version = "0.7.0"
source = "registry+https://github.com/rust-lang/crates.io-index"
checksum = "a0b22f9bfc5eeaf31fd30ea679b9e35b6ed25a4db6f45c51fea5b96d9d96ff99"
dependencies = [
 "libc",
 "system-deps",
]

[[package]]
name = "either"
version = "1.6.1"
source = "registry+https://github.com/rust-lang/crates.io-index"
checksum = "e78d4f1cc4ae33bbfc157ed5d5a5ef3bc29227303d595861deb238fcec4e9457"

[[package]]
name = "encode_unicode"
version = "0.3.6"
source = "registry+https://github.com/rust-lang/crates.io-index"
checksum = "a357d28ed41a50f9c765dbfe56cbc04a64e53e5fc58ba79fbc34c10ef3df831f"

[[package]]
name = "env_logger"
version = "0.6.2"
source = "registry+https://github.com/rust-lang/crates.io-index"
checksum = "aafcde04e90a5226a6443b7aabdb016ba2f8307c847d524724bd9b346dd1a2d3"
dependencies = [
 "atty",
 "humantime",
 "log",
 "regex",
 "termcolor",
]

[[package]]
name = "errno"
version = "0.2.8"
source = "registry+https://github.com/rust-lang/crates.io-index"
checksum = "f639046355ee4f37944e44f60642c6f3a7efa3cf6b78c78a0d989a8ce6c396a1"
dependencies = [
 "errno-dragonfly",
 "libc",
 "winapi",
]

[[package]]
name = "errno-dragonfly"
version = "0.1.2"
source = "registry+https://github.com/rust-lang/crates.io-index"
checksum = "aa68f1b12764fab894d2755d2518754e71b4fd80ecfb822714a1206c2aab39bf"
dependencies = [
 "cc",
 "libc",
]

[[package]]
name = "fern"
version = "0.6.0"
source = "registry+https://github.com/rust-lang/crates.io-index"
checksum = "8c9a4820f0ccc8a7afd67c39a0f1a0f4b07ca1725164271a64939d7aeb9af065"
dependencies = [
 "log",
]

[[package]]
name = "form_urlencoded"
version = "1.1.0"
source = "registry+https://github.com/rust-lang/crates.io-index"
checksum = "a9c384f161156f5260c24a097c56119f9be8c798586aecc13afbcbe7b7e26bf8"
dependencies = [
 "percent-encoding",
]

[[package]]
name = "getrandom"
version = "0.2.0"
source = "registry+https://github.com/rust-lang/crates.io-index"
checksum = "ee8025cf36f917e6a52cce185b7c7177689b838b7ec138364e50cc2277a56cf4"
dependencies = [
 "cfg-if 0.1.10",
 "libc",
 "wasi 0.9.0+wasi-snapshot-preview1",
]

[[package]]
name = "git2"
version = "0.15.0"
source = "registry+https://github.com/rust-lang/crates.io-index"
checksum = "2994bee4a3a6a51eb90c218523be382fd7ea09b16380b9312e9dbe955ff7c7d1"
dependencies = [
 "bitflags",
 "libc",
 "libgit2-sys",
 "log",
 "url",
]

[[package]]
name = "heck"
version = "0.4.0"
source = "registry+https://github.com/rust-lang/crates.io-index"
checksum = "2540771e65fc8cb83cd6e8a237f70c319bd5c29f78ed1084ba5d50eeac86f7f9"

[[package]]
name = "hermit-abi"
version = "0.1.17"
source = "registry+https://github.com/rust-lang/crates.io-index"
checksum = "5aca5565f760fb5b220e499d72710ed156fdb74e631659e99377d9ebfbd13ae8"
dependencies = [
 "libc",
]

[[package]]
name = "humantime"
version = "1.3.0"
source = "registry+https://github.com/rust-lang/crates.io-index"
checksum = "df004cfca50ef23c36850aaaa59ad52cc70d0e90243c3c7737a4dd32dc7a3c4f"
dependencies = [
 "quick-error",
]

[[package]]
name = "idna"
version = "0.3.0"
source = "registry+https://github.com/rust-lang/crates.io-index"
checksum = "e14ddfc70884202db2244c223200c204c2bda1bc6e0998d11b5e024d657209e6"
dependencies = [
 "unicode-bidi",
 "unicode-normalization",
]

[[package]]
name = "interpolate_name"
version = "0.2.3"
source = "registry+https://github.com/rust-lang/crates.io-index"
checksum = "b4b35f4a811037cfdcd44c5db40678464b2d5d248fc1abeeaaa125b370d47f17"
dependencies = [
 "proc-macro2",
 "quote",
 "syn",
]

[[package]]
name = "io-lifetimes"
version = "0.7.5"
source = "registry+https://github.com/rust-lang/crates.io-index"
checksum = "59ce5ef949d49ee85593fc4d3f3f95ad61657076395cbbce23e2121fc5542074"

[[package]]
name = "itertools"
version = "0.10.5"
source = "registry+https://github.com/rust-lang/crates.io-index"
checksum = "b0fd2260e829bddf4cb6ea802289de2f86d6a7a690192fbe91b3f46e0f2c8473"
dependencies = [
 "either",
]

[[package]]
name = "ivf"
version = "0.1.2"
dependencies = [
 "bitstream-io",
]

[[package]]
name = "jobserver"
version = "0.1.21"
source = "registry+https://github.com/rust-lang/crates.io-index"
checksum = "5c71313ebb9439f74b00d9d2dcec36440beaf57a6aa0623068441dd7cd81a7f2"
dependencies = [
 "libc",
]

[[package]]
name = "lab"
version = "0.11.0"
source = "registry+https://github.com/rust-lang/crates.io-index"
checksum = "bf36173d4167ed999940f804952e6b08197cae5ad5d572eb4db150ce8ad5d58f"

[[package]]
name = "lazy_static"
version = "1.4.0"
source = "registry+https://github.com/rust-lang/crates.io-index"
checksum = "e2abad23fbc42b3700f2f279844dc832adb2b2eb069b2df918f455c4e18cc646"

[[package]]
name = "libc"
version = "0.2.137"
source = "registry+https://github.com/rust-lang/crates.io-index"
checksum = "fc7fcc620a3bff7cdd7a365be3376c97191aeaccc2a603e600951e452615bf89"

[[package]]
name = "libfuzzer-sys"
version = "0.4.6"
source = "registry+https://github.com/rust-lang/crates.io-index"
checksum = "beb09950ae85a0a94b27676cccf37da5ff13f27076aa1adbc6545dd0d0e1bd4e"
dependencies = [
 "arbitrary",
 "cc",
 "once_cell",
]

[[package]]
name = "libgit2-sys"
version = "0.14.2+1.5.1"
source = "registry+https://github.com/rust-lang/crates.io-index"
checksum = "7f3d95f6b51075fe9810a7ae22c7095f12b98005ab364d8544797a825ce946a4"
dependencies = [
 "cc",
 "libc",
 "libz-sys",
 "pkg-config",
]

[[package]]
name = "libz-sys"
version = "1.1.8"
source = "registry+https://github.com/rust-lang/crates.io-index"
checksum = "9702761c3935f8cc2f101793272e202c72b99da8f4224a19ddcf1279a6450bbf"
dependencies = [
 "cc",
 "libc",
 "pkg-config",
 "vcpkg",
]

[[package]]
name = "linux-raw-sys"
version = "0.0.46"
source = "registry+https://github.com/rust-lang/crates.io-index"
checksum = "d4d2456c373231a208ad294c33dc5bff30051eafd954cd4caae83a712b12854d"

[[package]]
name = "log"
version = "0.4.17"
source = "registry+https://github.com/rust-lang/crates.io-index"
checksum = "abb12e687cfb44aa40f41fc3978ef76448f9b6038cad6aef4259d3c095a2382e"
dependencies = [
 "cfg-if 1.0.0",
]

[[package]]
name = "maybe-rayon"
version = "0.1.0"
source = "registry+https://github.com/rust-lang/crates.io-index"
checksum = "57c0bd354d2614d2feeb08dd2afdb744a91ad3c886e2a04dac63e12fb32eb7f7"
dependencies = [
 "cfg-if 1.0.0",
 "rayon",
]

[[package]]
name = "memchr"
version = "2.4.1"
source = "registry+https://github.com/rust-lang/crates.io-index"
checksum = "308cc39be01b73d0d18f82a0e7b2a3df85245f84af96fdddc5d202d27e47b86a"

[[package]]
name = "memoffset"
version = "0.6.1"
source = "registry+https://github.com/rust-lang/crates.io-index"
checksum = "157b4208e3059a8f9e78d559edc658e13df41410cb3ae03979c83130067fdd87"
dependencies = [
 "autocfg",
]

[[package]]
name = "minimal-lexical"
version = "0.2.1"
source = "registry+https://github.com/rust-lang/crates.io-index"
checksum = "68354c5c6bd36d73ff3feceb05efa59b6acb7626617f4962be322a825e61f79a"

[[package]]
name = "nasm-rs"
version = "0.2.0"
source = "registry+https://github.com/rust-lang/crates.io-index"
checksum = "a76f43faa0d13f9c89f72e1972446d558f003cfffb80eb16bb444231de1becd1"
dependencies = [
 "arrayvec 0.5.2",
 "rayon",
]

[[package]]
name = "new_debug_unreachable"
version = "1.0.4"
source = "registry+https://github.com/rust-lang/crates.io-index"
checksum = "e4a24736216ec316047a1fc4252e27dabb04218aa4a3f37c6e7ddbf1f9782b54"

[[package]]
name = "nom"
version = "7.1.3"
source = "registry+https://github.com/rust-lang/crates.io-index"
checksum = "d273983c5a657a70a3e8f2a01329822f3b8c8172b73826411a55751e404a0a4a"
dependencies = [
 "memchr",
 "minimal-lexical",
]

[[package]]
name = "noop_proc_macro"
version = "0.3.0"
source = "registry+https://github.com/rust-lang/crates.io-index"
checksum = "0676bb32a98c1a483ce53e500a81ad9c3d5b3f7c920c28c24e9cb0980d0b5bc8"

[[package]]
name = "num-bigint"
version = "0.4.3"
source = "registry+https://github.com/rust-lang/crates.io-index"
checksum = "f93ab6289c7b344a8a9f60f88d80aa20032336fe78da341afc91c8a2341fc75f"
dependencies = [
 "autocfg",
 "num-integer",
 "num-traits",
]

[[package]]
name = "num-derive"
version = "0.3.3"
source = "registry+https://github.com/rust-lang/crates.io-index"
checksum = "876a53fff98e03a936a674b29568b0e605f06b29372c2489ff4de23f1949743d"
dependencies = [
 "proc-macro2",
 "quote",
 "syn",
]

[[package]]
name = "num-integer"
version = "0.1.44"
source = "registry+https://github.com/rust-lang/crates.io-index"
checksum = "d2cc698a63b549a70bc047073d2949cce27cd1c7b0a4a862d08a8031bc2801db"
dependencies = [
 "autocfg",
 "num-traits",
]

[[package]]
name = "num-rational"
version = "0.4.1"
source = "registry+https://github.com/rust-lang/crates.io-index"
checksum = "0638a1c9d0a3c0914158145bc76cff373a75a627e6ecbfb71cbe6f453a5a19b0"
dependencies = [
 "autocfg",
 "num-bigint",
 "num-integer",
 "num-traits",
]

[[package]]
name = "num-traits"
version = "0.2.14"
source = "registry+https://github.com/rust-lang/crates.io-index"
checksum = "9a64b1ec5cda2586e284722486d802acf1f7dbdc623e2bfc57e65ca1cd099290"
dependencies = [
 "autocfg",
]

[[package]]
name = "num_cpus"
version = "1.13.0"
source = "registry+https://github.com/rust-lang/crates.io-index"
checksum = "05499f3756671c15885fee9034446956fff3f243d6077b91e5767df161f766b3"
dependencies = [
 "hermit-abi",
 "libc",
]

[[package]]
name = "once_cell"
version = "1.16.0"
source = "registry+https://github.com/rust-lang/crates.io-index"
checksum = "86f0b0d4bf799edbc74508c1e8bf170ff5f41238e5f8225603ca7caaae2b7860"

[[package]]
name = "os_str_bytes"
version = "6.0.0"
source = "registry+https://github.com/rust-lang/crates.io-index"
checksum = "8e22443d1643a904602595ba1cd8f7d896afe56d26712531c5ff73a15b2fbf64"

[[package]]
name = "paste"
version = "1.0.4"
source = "registry+https://github.com/rust-lang/crates.io-index"
checksum = "c5d65c4d95931acda4498f675e332fcbdc9a06705cd07086c510e9b6009cd1c1"

[[package]]
name = "percent-encoding"
version = "2.2.0"
source = "registry+https://github.com/rust-lang/crates.io-index"
checksum = "478c572c3d73181ff3c2539045f6eb99e5491218eae919370993b890cdbdd98e"

[[package]]
name = "pkg-config"
version = "0.3.19"
source = "registry+https://github.com/rust-lang/crates.io-index"
checksum = "3831453b3449ceb48b6d9c7ad7c96d5ea673e9b470a1dc578c2ce6521230884c"

[[package]]
name = "ppv-lite86"
version = "0.2.10"
source = "registry+https://github.com/rust-lang/crates.io-index"
checksum = "ac74c624d6b2d21f425f752262f42188365d7b8ff1aff74c82e45136510a4857"

[[package]]
name = "pretty_env_logger"
version = "0.3.1"
source = "registry+https://github.com/rust-lang/crates.io-index"
checksum = "717ee476b1690853d222af4634056d830b5197ffd747726a9a1eee6da9f49074"
dependencies = [
 "chrono",
 "env_logger",
 "log",
]

[[package]]
name = "proc-macro-error"
version = "1.0.4"
source = "registry+https://github.com/rust-lang/crates.io-index"
checksum = "da25490ff9892aab3fcf7c36f08cfb902dd3e71ca0f9f9517bea02a73a5ce38c"
dependencies = [
 "proc-macro-error-attr",
 "proc-macro2",
 "quote",
 "syn",
 "version_check",
]

[[package]]
name = "proc-macro-error-attr"
version = "1.0.4"
source = "registry+https://github.com/rust-lang/crates.io-index"
checksum = "a1be40180e52ecc98ad80b184934baf3d0d29f979574e439af5a55274b35f869"
dependencies = [
 "proc-macro2",
 "quote",
 "version_check",
]

[[package]]
name = "proc-macro2"
version = "1.0.47"
source = "registry+https://github.com/rust-lang/crates.io-index"
checksum = "5ea3d908b0e36316caf9e9e2c4625cdde190a7e6f440d794667ed17a1855e725"
dependencies = [
 "unicode-ident",
]

[[package]]
name = "quick-error"
version = "1.2.3"
source = "registry+https://github.com/rust-lang/crates.io-index"
checksum = "a1d01941d82fa2ab50be1e79e6714289dd7cde78eba4c074bc5a4374f650dfe0"

[[package]]
name = "quote"
version = "1.0.21"
source = "registry+https://github.com/rust-lang/crates.io-index"
checksum = "bbe448f377a7d6961e30f5955f9b8d106c3f5e449d493ee1b125c1d43c2b5179"
dependencies = [
 "proc-macro2",
]

[[package]]
name = "rand"
version = "0.8.0"
source = "registry+https://github.com/rust-lang/crates.io-index"
checksum = "a76330fb486679b4ace3670f117bbc9e16204005c4bde9c4bd372f45bed34f12"
dependencies = [
 "libc",
 "rand_chacha",
 "rand_core",
 "rand_hc",
]

[[package]]
name = "rand_chacha"
version = "0.3.0"
source = "registry+https://github.com/rust-lang/crates.io-index"
checksum = "e12735cf05c9e10bf21534da50a147b924d555dc7a547c42e6bb2d5b6017ae0d"
dependencies = [
 "ppv-lite86",
 "rand_core",
]

[[package]]
name = "rand_core"
version = "0.6.0"
source = "registry+https://github.com/rust-lang/crates.io-index"
checksum = "a8b34ba8cfb21243bd8df91854c830ff0d785fff2e82ebd4434c2644cb9ada18"
dependencies = [
 "getrandom",
]

[[package]]
name = "rand_hc"
version = "0.3.0"
source = "registry+https://github.com/rust-lang/crates.io-index"
checksum = "3190ef7066a446f2e7f42e239d161e905420ccab01eb967c9eb27d21b2322a73"
dependencies = [
 "rand_core",
]

[[package]]
name = "rav1e"
version = "0.6.1"
dependencies = [
 "arbitrary",
 "arg_enum_proc_macro",
 "arrayvec 0.7.2",
 "av-metrics",
 "av1-grain",
 "bitstream-io",
 "built",
 "cc",
 "cfg-if 1.0.0",
 "clap",
 "clap_complete",
 "console",
 "const_fn_assert",
 "dav1d-sys",
 "fern",
 "interpolate_name",
 "itertools",
 "ivf",
 "libc",
 "libfuzzer-sys",
 "log",
 "maybe-rayon",
 "nasm-rs",
 "new_debug_unreachable",
 "nom",
 "noop_proc_macro",
 "num-derive",
 "num-traits",
 "once_cell",
 "paste",
 "rand",
 "rand_chacha",
 "rust_hawktracer",
 "rustc_version",
 "scan_fmt",
 "signal-hook",
 "simd_helpers",
 "system-deps",
 "thiserror",
 "v_frame",
 "y4m",
]

[[package]]
name = "rav1e-fuzz"
version = "0.0.1"
dependencies = [
 "libfuzzer-sys",
 "pretty_env_logger",
 "rav1e",
]

[[package]]
name = "rayon"
version = "1.5.0"
source = "registry+https://github.com/rust-lang/crates.io-index"
checksum = "8b0d8e0819fadc20c74ea8373106ead0600e3a67ef1fe8da56e39b9ae7275674"
dependencies = [
 "autocfg",
 "crossbeam-deque",
 "either",
 "rayon-core",
]

[[package]]
name = "rayon-core"
version = "1.9.0"
source = "registry+https://github.com/rust-lang/crates.io-index"
checksum = "9ab346ac5921dc62ffa9f89b7a773907511cdfa5490c572ae9be1be33e8afa4a"
dependencies = [
 "crossbeam-channel",
 "crossbeam-deque",
 "crossbeam-utils",
 "lazy_static",
 "num_cpus",
]

[[package]]
name = "regex"
version = "1.4.2"
source = "registry+https://github.com/rust-lang/crates.io-index"
checksum = "38cf2c13ed4745de91a5eb834e11c00bcc3709e773173b2ce4c56c9fbde04b9c"
dependencies = [
 "aho-corasick",
 "memchr",
 "regex-syntax",
 "thread_local",
]

[[package]]
name = "regex-syntax"
version = "0.6.21"
source = "registry+https://github.com/rust-lang/crates.io-index"
checksum = "3b181ba2dcf07aaccad5448e8ead58db5b742cf85dfe035e2227f137a539a189"

[[package]]
name = "rust_hawktracer"
version = "0.7.0"
source = "registry+https://github.com/rust-lang/crates.io-index"
checksum = "e3480a29b927f66c6e06527be7f49ef4d291a01d694ec1fe85b0de71d6b02ac1"
dependencies = [
 "rust_hawktracer_normal_macro",
 "rust_hawktracer_proc_macro",
]

[[package]]
name = "rust_hawktracer_normal_macro"
version = "0.4.1"
source = "registry+https://github.com/rust-lang/crates.io-index"
checksum = "8a570059949e1dcdc6f35228fa389f54c2c84dfe0c94c05022baacd56eacd2e9"

[[package]]
name = "rust_hawktracer_proc_macro"
version = "0.4.1"
source = "registry+https://github.com/rust-lang/crates.io-index"
checksum = "cb626abdbed5e93f031baae60d72032f56bc964e11ac2ff65f2ba3ed98d6d3e1"

[[package]]
name = "rustc_version"
version = "0.4.0"
source = "registry+https://github.com/rust-lang/crates.io-index"
checksum = "bfa0f585226d2e68097d4f95d113b15b83a82e819ab25717ec0590d9584ef366"
dependencies = [
 "semver",
]

[[package]]
name = "rustix"
version = "0.35.13"
source = "registry+https://github.com/rust-lang/crates.io-index"
checksum = "727a1a6d65f786ec22df8a81ca3121107f235970dc1705ed681d3e6e8b9cd5f9"
dependencies = [
 "bitflags",
 "errno",
 "io-lifetimes",
 "libc",
 "linux-raw-sys",
 "windows-sys",
]

[[package]]
name = "scan_fmt"
version = "0.2.5"
source = "registry+https://github.com/rust-lang/crates.io-index"
checksum = "248286eec0f55678879ef1caec3d76276643ebcb5460d8cb6e732ef40f50aabe"

[[package]]
name = "scopeguard"
version = "1.1.0"
source = "registry+https://github.com/rust-lang/crates.io-index"
checksum = "d29ab0c6d3fc0ee92fe66e2d99f700eab17a8d57d1c1d3b748380fb20baa78cd"

[[package]]
name = "semver"
version = "1.0.7"
source = "registry+https://github.com/rust-lang/crates.io-index"
checksum = "d65bd28f48be7196d222d95b9243287f48d27aca604e08497513019ff0502cc4"
dependencies = [
 "serde",
]

[[package]]
name = "serde"
version = "1.0.147"
source = "registry+https://github.com/rust-lang/crates.io-index"
checksum = "d193d69bae983fc11a79df82342761dfbf28a99fc8d203dca4c3c1b590948965"
dependencies = [
 "serde_derive",
]

[[package]]
name = "serde_derive"
version = "1.0.147"
source = "registry+https://github.com/rust-lang/crates.io-index"
checksum = "4f1d362ca8fc9c3e3a7484440752472d68a6caa98f1ab81d99b5dfe517cec852"
dependencies = [
 "proc-macro2",
 "quote",
 "syn",
]

[[package]]
name = "signal-hook"
version = "0.3.0"
source = "registry+https://github.com/rust-lang/crates.io-index"
checksum = "4f33a720e2788e0182397413e3767ce7ad71552f9b4fe9de05ab97abce97bdb6"
dependencies = [
 "libc",
 "signal-hook-registry",
]

[[package]]
name = "signal-hook-registry"
version = "1.3.0"
source = "registry+https://github.com/rust-lang/crates.io-index"
checksum = "16f1d0fef1604ba8f7a073c7e701f213e056707210e9020af4528e0101ce11a6"
dependencies = [
 "libc",
]

[[package]]
name = "simd_helpers"
version = "0.1.0"
source = "registry+https://github.com/rust-lang/crates.io-index"
checksum = "95890f873bec569a0362c235787f3aca6e1e887302ba4840839bcc6459c42da6"
dependencies = [
 "quote",
]

[[package]]
name = "smallvec"
version = "1.10.0"
source = "registry+https://github.com/rust-lang/crates.io-index"
checksum = "a507befe795404456341dfab10cef66ead4c041f62b8b11bbb92bffe5d0953e0"

[[package]]
name = "syn"
version = "1.0.103"
source = "registry+https://github.com/rust-lang/crates.io-index"
checksum = "a864042229133ada95abf3b54fdc62ef5ccabe9515b64717bcb9a1919e59445d"
dependencies = [
 "proc-macro2",
 "quote",
 "unicode-ident",
]

[[package]]
name = "system-deps"
version = "6.0.3"
source = "registry+https://github.com/rust-lang/crates.io-index"
checksum = "2955b1fe31e1fa2fbd1976b71cc69a606d7d4da16f6de3333d0c92d51419aeff"
dependencies = [
 "cfg-expr",
 "heck",
 "pkg-config",
 "toml",
 "version-compare",
]

[[package]]
name = "termcolor"
version = "1.1.2"
source = "registry+https://github.com/rust-lang/crates.io-index"
checksum = "2dfed899f0eb03f32ee8c6a0aabdb8a7949659e3466561fc0adf54e26d88c5f4"
dependencies = [
 "winapi-util",
]

[[package]]
name = "terminal_size"
version = "0.1.15"
source = "registry+https://github.com/rust-lang/crates.io-index"
checksum = "4bd2d183bd3fac5f5fe38ddbeb4dc9aec4a39a9d7d59e7491d900302da01cbe1"
dependencies = [
 "libc",
 "winapi",
]

[[package]]
name = "terminal_size"
version = "0.2.2"
source = "registry+https://github.com/rust-lang/crates.io-index"
checksum = "40ca90c434fd12083d1a6bdcbe9f92a14f96c8a1ba600ba451734ac334521f7a"
dependencies = [
 "rustix",
 "windows-sys",
]

[[package]]
name = "thiserror"
version = "1.0.22"
source = "registry+https://github.com/rust-lang/crates.io-index"
checksum = "0e9ae34b84616eedaaf1e9dd6026dbe00dcafa92aa0c8077cb69df1fcfe5e53e"
dependencies = [
 "thiserror-impl",
]

[[package]]
name = "thiserror-impl"
version = "1.0.22"
source = "registry+https://github.com/rust-lang/crates.io-index"
checksum = "9ba20f23e85b10754cd195504aebf6a27e2e6cbe28c17778a0c930724628dd56"
dependencies = [
 "proc-macro2",
 "quote",
 "syn",
]

[[package]]
name = "thread_local"
version = "1.0.1"
source = "registry+https://github.com/rust-lang/crates.io-index"
checksum = "d40c6d1b69745a6ec6fb1ca717914848da4b44ae29d9b3080cbee91d72a69b14"
dependencies = [
 "lazy_static",
]

[[package]]
name = "time"
version = "0.1.44"
source = "registry+https://github.com/rust-lang/crates.io-index"
checksum = "6db9e6914ab8b1ae1c260a4ae7a49b6c5611b40328a735b21862567685e73255"
dependencies = [
 "libc",
 "wasi 0.10.0+wasi-snapshot-preview1",
 "winapi",
]

[[package]]
name = "tinyvec"
version = "1.6.0"
source = "registry+https://github.com/rust-lang/crates.io-index"
checksum = "87cc5ceb3875bb20c2890005a4e226a4651264a5c75edb2421b52861a0a0cb50"
dependencies = [
 "tinyvec_macros",
]

[[package]]
name = "tinyvec_macros"
version = "0.1.0"
source = "registry+https://github.com/rust-lang/crates.io-index"
checksum = "cda74da7e1a664f795bb1f8a87ec406fb89a02522cf6e50620d016add6dbbf5c"

[[package]]
name = "toml"
version = "0.5.8"
source = "registry+https://github.com/rust-lang/crates.io-index"
checksum = "a31142970826733df8241ef35dc040ef98c679ab14d7c3e54d827099b3acecaa"
dependencies = [
 "serde",
]

[[package]]
name = "unicode-bidi"
version = "0.3.8"
source = "registry+https://github.com/rust-lang/crates.io-index"
checksum = "099b7128301d285f79ddd55b9a83d5e6b9e97c92e0ea0daebee7263e932de992"

[[package]]
name = "unicode-ident"
version = "1.0.5"
source = "registry+https://github.com/rust-lang/crates.io-index"
checksum = "6ceab39d59e4c9499d4e5a8ee0e2735b891bb7308ac83dfb4e80cad195c9f6f3"

[[package]]
name = "unicode-normalization"
version = "0.1.22"
source = "registry+https://github.com/rust-lang/crates.io-index"
checksum = "5c5713f0fc4b5db668a2ac63cdb7bb4469d8c9fed047b1d0292cc7b0ce2ba921"
dependencies = [
 "tinyvec",
]

[[package]]
name = "unicode-width"
version = "0.1.8"
source = "registry+https://github.com/rust-lang/crates.io-index"
checksum = "9337591893a19b88d8d87f2cec1e73fad5cdfd10e5a6f349f498ad6ea2ffb1e3"

[[package]]
name = "url"
version = "2.3.1"
source = "registry+https://github.com/rust-lang/crates.io-index"
checksum = "0d68c799ae75762b8c3fe375feb6600ef5602c883c5d21eb51c09f22b83c4643"
dependencies = [
 "form_urlencoded",
 "idna",
 "percent-encoding",
]

[[package]]
name = "v_frame"
version = "0.3.3"
source = "registry+https://github.com/rust-lang/crates.io-index"
checksum = "148c23ce3c8dae5562911cba1c264eaa5e31e133e0d5d08455409de9dd540358"
dependencies = [
 "cfg-if 1.0.0",
 "new_debug_unreachable",
 "noop_proc_macro",
 "num-derive",
 "num-traits",
 "rust_hawktracer",
]

[[package]]
name = "vcpkg"
version = "0.2.15"
source = "registry+https://github.com/rust-lang/crates.io-index"
checksum = "accd4ea62f7bb7a82fe23066fb0957d48ef677f6eeb8215f372f52e48bb32426"

[[package]]
name = "version-compare"
version = "0.1.1"
source = "registry+https://github.com/rust-lang/crates.io-index"
checksum = "579a42fc0b8e0c63b76519a339be31bed574929511fa53c1a3acae26eb258f29"

[[package]]
name = "version_check"
version = "0.9.2"
source = "registry+https://github.com/rust-lang/crates.io-index"
checksum = "b5a972e5669d67ba988ce3dc826706fb0a8b01471c088cb0b6110b805cc36aed"

[[package]]
name = "wasi"
version = "0.9.0+wasi-snapshot-preview1"
source = "registry+https://github.com/rust-lang/crates.io-index"
checksum = "cccddf32554fecc6acb585f82a32a72e28b48f8c4c1883ddfeeeaa96f7d8e519"

[[package]]
name = "wasi"
version = "0.10.0+wasi-snapshot-preview1"
source = "registry+https://github.com/rust-lang/crates.io-index"
checksum = "1a143597ca7c7793eff794def352d41792a93c481eb1042423ff7ff72ba2c31f"

[[package]]
name = "winapi"
version = "0.3.9"
source = "registry+https://github.com/rust-lang/crates.io-index"
checksum = "5c839a674fcd7a98952e593242ea400abe93992746761e38641405d28b00f419"
dependencies = [
 "winapi-i686-pc-windows-gnu",
 "winapi-x86_64-pc-windows-gnu",
]

[[package]]
name = "winapi-i686-pc-windows-gnu"
version = "0.4.0"
source = "registry+https://github.com/rust-lang/crates.io-index"
checksum = "ac3b87c63620426dd9b991e5ce0329eff545bccbbb34f3be09ff6fb6ab51b7b6"

[[package]]
name = "winapi-util"
version = "0.1.5"
source = "registry+https://github.com/rust-lang/crates.io-index"
checksum = "70ec6ce85bb158151cae5e5c87f95a8e97d2c0c4b001223f33a334e3ce5de178"
dependencies = [
 "winapi",
]

[[package]]
name = "winapi-x86_64-pc-windows-gnu"
version = "0.4.0"
source = "registry+https://github.com/rust-lang/crates.io-index"
checksum = "712e227841d057c1ee1cd2fb22fa7e5a5461ae8e48fa2ca79ec42cfc1931183f"

[[package]]
name = "windows-sys"
version = "0.42.0"
source = "registry+https://github.com/rust-lang/crates.io-index"
checksum = "5a3e1820f08b8513f676f7ab6c1f99ff312fb97b553d30ff4dd86f9f15728aa7"
dependencies = [
 "windows_aarch64_gnullvm",
 "windows_aarch64_msvc",
 "windows_i686_gnu",
 "windows_i686_msvc",
 "windows_x86_64_gnu",
 "windows_x86_64_gnullvm",
 "windows_x86_64_msvc",
]

[[package]]
name = "windows_aarch64_gnullvm"
version = "0.42.0"
source = "registry+https://github.com/rust-lang/crates.io-index"
checksum = "41d2aa71f6f0cbe00ae5167d90ef3cfe66527d6f613ca78ac8024c3ccab9a19e"

[[package]]
name = "windows_aarch64_msvc"
version = "0.42.0"
source = "registry+https://github.com/rust-lang/crates.io-index"
checksum = "dd0f252f5a35cac83d6311b2e795981f5ee6e67eb1f9a7f64eb4500fbc4dcdb4"

[[package]]
name = "windows_i686_gnu"
version = "0.42.0"
source = "registry+https://github.com/rust-lang/crates.io-index"
checksum = "fbeae19f6716841636c28d695375df17562ca208b2b7d0dc47635a50ae6c5de7"

[[package]]
name = "windows_i686_msvc"
version = "0.42.0"
source = "registry+https://github.com/rust-lang/crates.io-index"
checksum = "84c12f65daa39dd2babe6e442988fc329d6243fdce47d7d2d155b8d874862246"

[[package]]
name = "windows_x86_64_gnu"
version = "0.42.0"
source = "registry+https://github.com/rust-lang/crates.io-index"
checksum = "bf7b1b21b5362cbc318f686150e5bcea75ecedc74dd157d874d754a2ca44b0ed"

[[package]]
name = "windows_x86_64_gnullvm"
version = "0.42.0"
source = "registry+https://github.com/rust-lang/crates.io-index"
checksum = "09d525d2ba30eeb3297665bd434a54297e4170c7f1a44cad4ef58095b4cd2028"

[[package]]
name = "windows_x86_64_msvc"
version = "0.42.0"
source = "registry+https://github.com/rust-lang/crates.io-index"
checksum = "f40009d85759725a34da6d89a94e63d7bdc50a862acf0dbc7c8e488f1edcb6f5"

[[package]]
name = "y4m"
version = "0.7.0"
source = "registry+https://github.com/rust-lang/crates.io-index"
checksum = "a72a9921af8237fe25097a1ae31c92a05c1d39b2454653ad48f2f407cf7a0dae"
